
Microsoft Visual Studio Solution File, Format Version 12.00
# Visual Studio 14
VisualStudioVersion = 14.0.25123.0
MinimumVisualStudioVersion = 10.0.40219.1
Project("{FAE04EC0-301F-11D3-BF4B-00C04F79EFBC}") = "InfoTecsTestApp.ConsoleServiceHost", "ConsoleServiceHost\InfoTecsTestApp.ConsoleServiceHost.csproj", "{71C45448-46C0-4336-A096-ECB835CF6CC9}"
EndProject
Project("{FAE04EC0-301F-11D3-BF4B-00C04F79EFBC}") = "InfoTecsTestApp.WCFService", "WCFService\InfoTecsTestApp.WCFService.csproj", "{AE50F0EB-9F18-4F64-9886-C0FC8ED75FE9}"
EndProject
Project("{FAE04EC0-301F-11D3-BF4B-00C04F79EFBC}") = "InfoTecsTestApp.WebApp", "WebApp\InfoTecsTestApp.WebApp.csproj", "{7E3A851F-B86A-434A-A943-CA06663F8D89}"
EndProject
Project("{FAE04EC0-301F-11D3-BF4B-00C04F79EFBC}") = "InfoTecsTestApp.DAL", "InfoTecsTestApp.DAL\InfoTecsTestApp.DAL.csproj", "{DC4BC79F-38C7-47FA-A7DA-C2CB6DA3378A}"
EndProject
Project("{FAE04EC0-301F-11D3-BF4B-00C04F79EFBC}") = "InfoTecsTestApp.Model", "InfoTecsTestApp.Model\InfoTecsTestApp.Model.csproj", "{D561FB8F-2845-4259-B87E-65FB38216584}"
EndProject
Project("{FAE04EC0-301F-11D3-BF4B-00C04F79EFBC}") = "InfoTecsTestApp.Service", "InfoTecsTestApp.Service\InfoTecsTestApp.Service.csproj", "{5D7ADBA4-D412-43CE-ADF1-B8AB4EB0B907}"
EndProject
Global
	GlobalSection(SolutionConfigurationPlatforms) = preSolution
		Debug|Any CPU = Debug|Any CPU
		Release|Any CPU = Release|Any CPU
	EndGlobalSection
	GlobalSection(ProjectConfigurationPlatforms) = postSolution
		{71C45448-46C0-4336-A096-ECB835CF6CC9}.Debug|Any CPU.ActiveCfg = Debug|Any CPU
		{71C45448-46C0-4336-A096-ECB835CF6CC9}.Debug|Any CPU.Build.0 = Debug|Any CPU
		{71C45448-46C0-4336-A096-ECB835CF6CC9}.Release|Any CPU.ActiveCfg = Release|Any CPU
		{71C45448-46C0-4336-A096-ECB835CF6CC9}.Release|Any CPU.Build.0 = Release|Any CPU
		{AE50F0EB-9F18-4F64-9886-C0FC8ED75FE9}.Debug|Any CPU.ActiveCfg = Debug|Any CPU
		{AE50F0EB-9F18-4F64-9886-C0FC8ED75FE9}.Debug|Any CPU.Build.0 = Debug|Any CPU
		{AE50F0EB-9F18-4F64-9886-C0FC8ED75FE9}.Release|Any CPU.ActiveCfg = Release|Any CPU
		{AE50F0EB-9F18-4F64-9886-C0FC8ED75FE9}.Release|Any CPU.Build.0 = Release|Any CPU
		{7E3A851F-B86A-434A-A943-CA06663F8D89}.Debug|Any CPU.ActiveCfg = Debug|Any CPU
		{7E3A851F-B86A-434A-A943-CA06663F8D89}.Debug|Any CPU.Build.0 = Debug|Any CPU
		{7E3A851F-B86A-434A-A943-CA06663F8D89}.Release|Any CPU.ActiveCfg = Release|Any CPU
		{7E3A851F-B86A-434A-A943-CA06663F8D89}.Release|Any CPU.Build.0 = Release|Any CPU
		{DC4BC79F-38C7-47FA-A7DA-C2CB6DA3378A}.Debug|Any CPU.ActiveCfg = Debug|Any CPU
		{DC4BC79F-38C7-47FA-A7DA-C2CB6DA3378A}.Debug|Any CPU.Build.0 = Debug|Any CPU
		{DC4BC79F-38C7-47FA-A7DA-C2CB6DA3378A}.Release|Any CPU.ActiveCfg = Release|Any CPU
		{DC4BC79F-38C7-47FA-A7DA-C2CB6DA3378A}.Release|Any CPU.Build.0 = Release|Any CPU
		{D561FB8F-2845-4259-B87E-65FB38216584}.Debug|Any CPU.ActiveCfg = Debug|Any CPU
		{D561FB8F-2845-4259-B87E-65FB38216584}.Debug|Any CPU.Build.0 = Debug|Any CPU
		{D561FB8F-2845-4259-B87E-65FB38216584}.Release|Any CPU.ActiveCfg = Release|Any CPU
		{D561FB8F-2845-4259-B87E-65FB38216584}.Release|Any CPU.Build.0 = Release|Any CPU
		{5D7ADBA4-D412-43CE-ADF1-B8AB4EB0B907}.Debug|Any CPU.ActiveCfg = Debug|Any CPU
		{5D7ADBA4-D412-43CE-ADF1-B8AB4EB0B907}.Debug|Any CPU.Build.0 = Debug|Any CPU
		{5D7ADBA4-D412-43CE-ADF1-B8AB4EB0B907}.Release|Any CPU.ActiveCfg = Release|Any CPU
		{5D7ADBA4-D412-43CE-ADF1-B8AB4EB0B907}.Release|Any CPU.Build.0 = Release|Any CPU
	EndGlobalSection
	GlobalSection(SolutionProperties) = preSolution
		HideSolutionNode = FALSE
	EndGlobalSection
EndGlobal
